// !$*UTF8*$!
{
	archiveVersion = 1;
	classes = {
	};
	objectVersion = 46;
	objects = {

/* Begin PBXBuildFile section */
		7B252D7E17369F0A004CDB57 /* InfoPlist.strings in Resources */ = {isa = PBXBuildFile; fileRef = 7B252D7C17369F0A004CDB57 /* InfoPlist.strings */; };
		7B252D8117369F0A004CDB57 /* Insomnia.cpp in Sources */ = {isa = PBXBuildFile; fileRef = 7B252D8017369F0A004CDB57 /* Insomnia.cpp */; };
/* End PBXBuildFile section */

/* Begin PBXFileReference section */
		7B252D7417369F0A004CDB57 /* Insomnia.kext */ = {isa = PBXFileReference; explicitFileType = wrapper.cfbundle; includeInIndex = 0; path = Insomnia.kext; sourceTree = BUILT_PRODUCTS_DIR; };
		7B252D7817369F0A004CDB57 /* Kernel.framework */ = {isa = PBXFileReference; lastKnownFileType = wrapper.framework; name = Kernel.framework; path = System/Library/Frameworks/Kernel.framework; sourceTree = SDKROOT; };
		7B252D7B17369F0A004CDB57 /* Insomnia-Info.plist */ = {isa = PBXFileReference; lastKnownFileType = text.plist.xml; path = "Insomnia-Info.plist"; sourceTree = "<group>"; };
		7B252D7D17369F0A004CDB57 /* en */ = {isa = PBXFileReference; lastKnownFileType = text.plist.strings; name = en; path = en.lproj/InfoPlist.strings; sourceTree = "<group>"; };
		7B252D7F17369F0A004CDB57 /* Insomnia.h */ = {isa = PBXFileReference; lastKnownFileType = sourcecode.c.h; path = Insomnia.h; sourceTree = "<group>"; };
		7B252D8017369F0A004CDB57 /* Insomnia.cpp */ = {isa = PBXFileReference; lastKnownFileType = sourcecode.cpp.cpp; path = Insomnia.cpp; sourceTree = "<group>"; };
		7B252D8217369F0A004CDB57 /* Insomnia-Prefix.pch */ = {isa = PBXFileReference; lastKnownFileType = sourcecode.c.h; path = "Insomnia-Prefix.pch"; sourceTree = "<group>"; };
/* End PBXFileReference section */

/* Begin PBXFrameworksBuildPhase section */
		7B252D6F17369F0A004CDB57 /* Frameworks */ = {
			isa = PBXFrameworksBuildPhase;
			buildActionMask = 2147483647;
			files = (
			);
			runOnlyForDeploymentPostprocessing = 0;
		};
/* End PBXFrameworksBuildPhase section */

/* Begin PBXGroup section */
		7B252D6917369F0A004CDB57 = {
			isa = PBXGroup;
			children = (
				7B252D7917369F0A004CDB57 /* Insomnia */,
				7B252D7617369F0A004CDB57 /* Frameworks */,
				7B252D7517369F0A004CDB57 /* Products */,
			);
			sourceTree = "<group>";
		};
		7B252D7517369F0A004CDB57 /* Products */ = {
			isa = PBXGroup;
			children = (
				7B252D7417369F0A004CDB57 /* Insomnia.kext */,
			);
			name = Products;
			sourceTree = "<group>";
		};
		7B252D7617369F0A004CDB57 /* Frameworks */ = {
			isa = PBXGroup;
			children = (
				7B252D7717369F0A004CDB57 /* Other Frameworks */,
			);
			name = Frameworks;
			sourceTree = "<group>";
		};
		7B252D7717369F0A004CDB57 /* Other Frameworks */ = {
			isa = PBXGroup;
			children = (
				7B252D7817369F0A004CDB57 /* Kernel.framework */,
			);
			name = "Other Frameworks";
			sourceTree = "<group>";
		};
		7B252D7917369F0A004CDB57 /* Insomnia */ = {
			isa = PBXGroup;
			children = (
				7B252D7F17369F0A004CDB57 /* Insomnia.h */,
				7B252D8017369F0A004CDB57 /* Insomnia.cpp */,
				7B252D7A17369F0A004CDB57 /* Supporting Files */,
			);
			path = Insomnia;
			sourceTree = "<group>";
		};
		7B252D7A17369F0A004CDB57 /* Supporting Files */ = {
			isa = PBXGroup;
			children = (
				7B252D7B17369F0A004CDB57 /* Insomnia-Info.plist */,
				7B252D7C17369F0A004CDB57 /* InfoPlist.strings */,
				7B252D8217369F0A004CDB57 /* Insomnia-Prefix.pch */,
			);
			name = "Supporting Files";
			sourceTree = "<group>";
		};
/* End PBXGroup section */

/* Begin PBXHeadersBuildPhase section */
		7B252D7017369F0A004CDB57 /* Headers */ = {
			isa = PBXHeadersBuildPhase;
			buildActionMask = 2147483647;
			files = (
			);
			runOnlyForDeploymentPostprocessing = 0;
		};
/* End PBXHeadersBuildPhase section */

/* Begin PBXNativeTarget section */
		7B252D7317369F0A004CDB57 /* Insomnia */ = {
			isa = PBXNativeTarget;
			buildConfigurationList = 7B252D8517369F0A004CDB57 /* Build configuration list for PBXNativeTarget "Insomnia" */;
			buildPhases = (
				7B252D6E17369F0A004CDB57 /* Sources */,
				7B252D6F17369F0A004CDB57 /* Frameworks */,
				7B252D7017369F0A004CDB57 /* Headers */,
				7B252D7117369F0A004CDB57 /* Resources */,
				7B252D7217369F0A004CDB57 /* Rez */,
			);
			buildRules = (
			);
			dependencies = (
			);
			name = Insomnia;
			productName = Insomnia;
			productReference = 7B252D7417369F0A004CDB57 /* Insomnia.kext */;
			productType = "com.apple.product-type.kernel-extension";
		};
/* End PBXNativeTarget section */

/* Begin PBXProject section */
		7B252D6A17369F0A004CDB57 /* Project object */ = {
			isa = PBXProject;
			attributes = {
				LastUpgradeCheck = 0460;
				ORGANIZATIONNAME = "Frost Land";
			};
			buildConfigurationList = 7B252D6D17369F0A004CDB57 /* Build configuration list for PBXProject "Insomnia" */;
			compatibilityVersion = "Xcode 3.2";
			developmentRegion = English;
			hasScannedForEncodings = 0;
			knownRegions = (
				en,
			);
			mainGroup = 7B252D6917369F0A004CDB57;
			productRefGroup = 7B252D7517369F0A004CDB57 /* Products */;
			projectDirPath = "";
			projectRoot = "";
			targets = (
				7B252D7317369F0A004CDB57 /* Insomnia */,
			);
		};
/* End PBXProject section */

/* Begin PBXResourcesBuildPhase section */
		7B252D7117369F0A004CDB57 /* Resources */ = {
			isa = PBXResourcesBuildPhase;
			buildActionMask = 2147483647;
			files = (
				7B252D7E17369F0A004CDB57 /* InfoPlist.strings in Resources */,
			);
			runOnlyForDeploymentPostprocessing = 0;
		};
/* End PBXResourcesBuildPhase section */

/* Begin PBXRezBuildPhase section */
		7B252D7217369F0A004CDB57 /* Rez */ = {
			isa = PBXRezBuildPhase;
			buildActionMask = 2147483647;
			files = (
			);
			runOnlyForDeploymentPostprocessing = 0;
		};
/* End PBXRezBuildPhase section */

/* Begin PBXSourcesBuildPhase section */
		7B252D6E17369F0A004CDB57 /* Sources */ = {
			isa = PBXSourcesBuildPhase;
			buildActionMask = 2147483647;
			files = (
				7B252D8117369F0A004CDB57 /* Insomnia.cpp in Sources */,
			);
			runOnlyForDeploymentPostprocessing = 0;
		};
/* End PBXSourcesBuildPhase section */

/* Begin PBXVariantGroup section */
		7B252D7C17369F0A004CDB57 /* InfoPlist.strings */ = {
			isa = PBXVariantGroup;
			children = (
				7B252D7D17369F0A004CDB57 /* en */,
			);
			name = InfoPlist.strings;
			sourceTree = "<group>";
		};
/* End PBXVariantGroup section */

/* Begin XCBuildConfiguration section */
		7B252D8317369F0A004CDB57 /* Debug */ = {
			isa = XCBuildConfiguration;
			buildSettings = {
				ALWAYS_SEARCH_USER_PATHS = NO;
				ARCHS = "$(ARCHS_STANDARD_64_BIT)";
				CLANG_CXX_LANGUAGE_STANDARD = "gnu++0x";
				CLANG_CXX_LIBRARY = "libc++";
				CLANG_WARN_CONSTANT_CONVERSION = YES;
				CLANG_WARN_EMPTY_BODY = YES;
				CLANG_WARN_ENUM_CONVERSION = YES;
				CLANG_WARN_INT_CONVERSION = YES;
				CLANG_WARN__DUPLICATE_METHOD_MATCH = YES;
				COPY_PHASE_STRIP = NO;
				GCC_C_LANGUAGE_STANDARD = gnu99;
				GCC_DYNAMIC_NO_PIC = NO;
				GCC_ENABLE_OBJC_EXCEPTIONS = YES;
				GCC_OPTIMIZATION_LEVEL = 0;
				GCC_PREPROCESSOR_DEFINITIONS = (
					"DEBUG=1",
					"$(inherited)",
				);
				GCC_SYMBOLS_PRIVATE_EXTERN = NO;
				GCC_WARN_64_TO_32_BIT_CONVERSION = YES;
				GCC_WARN_ABOUT_RETURN_TYPE = YES;
				GCC_WARN_UNUSED_VARIABLE = YES;
				MACOSX_DEPLOYMENT_TARGET = 10.8;
				ONLY_ACTIVE_ARCH = YES;
				SDKROOT = macosx;
			};
			name = Debug;
		};
		7B252D8417369F0A004CDB57 /* Release */ = {
			isa = XCBuildConfiguration;
			buildSettings = {
				ALWAYS_SEARCH_USER_PATHS = NO;
				ARCHS = "$(ARCHS_STANDARD_64_BIT)";
				CLANG_CXX_LANGUAGE_STANDARD = "gnu++0x";
				CLANG_CXX_LIBRARY = "libc++";
				CLANG_WARN_CONSTANT_CONVERSION = YES;
				CLANG_WARN_EMPTY_BODY = YES;
				CLANG_WARN_ENUM_CONVERSION = YES;
				CLANG_WARN_INT_CONVERSION = YES;
				CLANG_WARN__DUPLICATE_METHOD_MATCH = YES;
				COPY_PHASE_STRIP = YES;
				DEBUG_INFORMATION_FORMAT = "dwarf-with-dsym";
				GCC_C_LANGUAGE_STANDARD = gnu99;
				GCC_ENABLE_OBJC_EXCEPTIONS = YES;
				GCC_WARN_64_TO_32_BIT_CONVERSION = YES;
				GCC_WARN_ABOUT_RETURN_TYPE = YES;
				GCC_WARN_UNUSED_VARIABLE = YES;
				MACOSX_DEPLOYMENT_TARGET = 10.8;
				SDKROOT = macosx;
			};
			name = Release;
		};
		7B252D8617369F0A004CDB57 /* Debug */ = {
			isa = XCBuildConfiguration;
			buildSettings = {
				COMBINE_HIDPI_IMAGES = YES;
				CURRENT_PROJECT_VERSION = 1.0.0d1;
				GCC_PRECOMPILE_PREFIX_HEADER = YES;
				GCC_PREFIX_HEADER = "Insomnia/Insomnia-Prefix.pch";
				GCC_VERSION = com.apple.compilers.llvmgcc42;
				INFOPLIST_FILE = "Insomnia/Insomnia-Info.plist";
				MODULE_NAME = fr.frostland.Insomnia;
				MODULE_VERSION = 1.1.1d1;
				PRODUCT_NAME = "$(TARGET_NAME)";
				WRAPPER_EXTENSION = kext;
			};
			name = Debug;
		};
		7B252D8717369F0A004CDB57 /* Release */ = {
			isa = XCBuildConfiguration;
			buildSettings = {
				COMBINE_HIDPI_IMAGES = YES;
				CURRENT_PROJECT_VERSION = 1.0.0d1;
				GCC_PRECOMPILE_PREFIX_HEADER = YES;
				GCC_PREFIX_HEADER = "Insomnia/Insomnia-Prefix.pch";
				GCC_VERSION = com.apple.compilers.llvmgcc42;
				INFOPLIST_FILE = "Insomnia/Insomnia-Info.plist";
				MODULE_NAME = fr.frostland.Insomnia;
				MODULE_VERSION = 1.1.1;
				PRODUCT_NAME = "$(TARGET_NAME)";
				WRAPPER_EXTENSION = kext;
			};
			name = Release;
		};
/* End XCBuildConfiguration section */

/* Begin XCConfigurationList section */
		7B252D6D17369F0A004CDB57 /* Build configuration list for PBXProject "Insomnia" */ = {
			isa = XCConfigurationList;
			buildConfigurations = (
				7B252D8317369F0A004CDB57 /* Debug */,
				7B252D8417369F0A004CDB57 /* Release */,
			);
			defaultConfigurationIsVisible = 0;
			defaultConfigurationName = Release;
		};
		7B252D8517369F0A004CDB57 /* Build configuration list for PBXNativeTarget "Insomnia" */ = {
			isa = XCConfigurationList;
			buildConfigurations = (
				7B252D8617369F0A004CDB57 /* Debug */,
				7B252D8717369F0A004CDB57 /* Release */,
			);
			defaultConfigurationIsVisible = 0;
		};
/* End XCConfigurationList section */
	};
	rootObject = 7B252D6A17369F0A004CDB57 /* Project object */;
}
