// !$*UTF8*$!
{
	archiveVersion = 1;
	classes = {
	};
	objectVersion = 42;
	objects = {

/* Begin PBXBuildFile section */
		089C1680FE841241C02AAC07 /* InfoPlist.strings in Resources */ = {isa = PBXBuildFile; fileRef = 089C167DFE841241C02AAC07 /* InfoPlist.strings */; };
		1A224C40FF42367911CA2CB7 /* Insomnia.h in Headers */ = {isa = PBXBuildFile; fileRef = 1A224C3EFF42367911CA2CB7 /* Insomnia.h */; };
		1A224C41FF42367911CA2CB7 /* Insomnia.cpp in Sources */ = {isa = PBXBuildFile; fileRef = 1A224C3FFF42367911CA2CB7 /* Insomnia.cpp */; settings = {ATTRIBUTES = (); }; };
		FA9558630BEA41E7006F6AE9 /* Insomnia.h in Headers */ = {isa = PBXBuildFile; fileRef = 1A224C3EFF42367911CA2CB7 /* Insomnia.h */; };
		FA9558650BEA41E7006F6AE9 /* InfoPlist.strings in Resources */ = {isa = PBXBuildFile; fileRef = 089C167DFE841241C02AAC07 /* InfoPlist.strings */; };
		FA9558670BEA41E7006F6AE9 /* Insomnia.cpp in Sources */ = {isa = PBXBuildFile; fileRef = 1A224C3FFF42367911CA2CB7 /* Insomnia.cpp */; settings = {ATTRIBUTES = (); }; };
		FA95587E0BEA42A9006F6AE9 /* Insomnia.h in Headers */ = {isa = PBXBuildFile; fileRef = 1A224C3EFF42367911CA2CB7 /* Insomnia.h */; };
		FA9558800BEA42A9006F6AE9 /* InfoPlist.strings in Resources */ = {isa = PBXBuildFile; fileRef = 089C167DFE841241C02AAC07 /* InfoPlist.strings */; };
		FA9558820BEA42A9006F6AE9 /* Insomnia.cpp in Sources */ = {isa = PBXBuildFile; fileRef = 1A224C3FFF42367911CA2CB7 /* Insomnia.cpp */; settings = {ATTRIBUTES = (); }; };
/* End PBXBuildFile section */

/* Begin PBXBuildRule section */
		FA7658A80BECEE1700F87000 /* PBXBuildRule */ = {
			isa = PBXBuildRule;
			compilerSpec = com.apple.compilers.gcc;
			fileType = sourcecode.c;
			isEditable = 1;
			outputFiles = (
			);
		};
/* End PBXBuildRule section */

/* Begin PBXBundleTarget section */
		089C1673FE841209C02AAC07 /* nosleep */ = {
			isa = PBXBundleTarget;
			buildConfigurationList = 38866ACC0BE7097500F7DAB6 /* Build configuration list for PBXBundleTarget "nosleep" */;
			buildPhases = (
				06AA1267FFB2110C11CA28AA /* ShellScript */,
				089C1674FE841209C02AAC07 /* Headers */,
				089C1675FE841209C02AAC07 /* Resources */,
				089C1676FE841209C02AAC07 /* Sources */,
				089C1677FE841209C02AAC07 /* Frameworks */,
				089C1679FE841209C02AAC07 /* Rez */,
				06AA1264FFB2107B11CA28AA /* ShellScript */,
			);
			dependencies = (
			);
			name = nosleep;
			productInstallPath = "$(SYSTEM_LIBRARY_DIR)/Extensions";
			productName = nosleep;
			productReference = 0B81C263FFB7832611CA28AA /* Insomnia.kext */;
			productSettingsXML = "<?xml version=\"1.0\" encoding=\"UTF-8\"?>
<!DOCTYPE plist PUBLIC \"-//Apple Computer//DTD PLIST 1.0//EN\" \"http://www.apple.com/DTDs/PropertyList-1.0.dtd\">
<plist version=\"1.0\">
<dict>
	<key>CFBundleDevelopmentRegion</key>
	<string>English</string>
	<key>CFBundleExecutable</key>
	<string>Insomnia</string>
	<key>CFBundleIconFile</key>
	<string></string>
	<key>CFBundleIdentifier</key>
	<string>org.binaervarianz.driver.insomnia</string>
	<key>CFBundleInfoDictionaryVersion</key>
	<string>6.0</string>
	<key>CFBundlePackageType</key>
	<string>KEXT</string>
	<key>CFBundleSignature</key>
	<string>????</string>
	<key>CFBundleVersion</key>
	<string>1.0.0d1</string>
	<key>IOKitPersonalities</key>
	<dict>
		<key>Insomnia</key>
		<dict>
			<key>CFBundleIdentifier</key>
			<string>org.binaervarianz.driver.insomnia</string>
			<key>IOClass</key>
			<string>Insomnia</string>
			<key>IOMatchCategory</key>
			<string>IODefaultMatchCategory</string>
			<key>IONameMatch</key>
			<string>IOPMrootDomain</string>
			<key>IOProviderClass</key>
			<string>IOService</string>
		</dict>
	</dict>
	<key>OSBundleLibraries</key>
	<dict>
		<key>com.apple.kernel.iokit</key>
		<string>6.0</string>
	</dict>
</dict>
</plist>
";
		};
/* End PBXBundleTarget section */

/* Begin PBXFileReference section */
		089C167EFE841241C02AAC07 /* English */ = {isa = PBXFileReference; fileEncoding = 10; lastKnownFileType = text.plist.strings; name = English; path = English.lproj/InfoPlist.strings; sourceTree = "<group>"; };
		0B81C263FFB7832611CA28AA /* Insomnia.kext */ = {isa = PBXFileReference; explicitFileType = wrapper.cfbundle; path = Insomnia.kext; sourceTree = BUILT_PRODUCTS_DIR; };
		1A224C3EFF42367911CA2CB7 /* Insomnia.h */ = {isa = PBXFileReference; fileEncoding = 4; lastKnownFileType = sourcecode.c.h; path = Insomnia.h; sourceTree = "<group>"; };
		1A224C3FFF42367911CA2CB7 /* Insomnia.cpp */ = {isa = PBXFileReference; fileEncoding = 4; lastKnownFileType = sourcecode.cpp.cpp; path = Insomnia.cpp; sourceTree = "<group>"; };
		FA95586F0BEA41E7006F6AE9 /* Info-nosleep__Upgraded_.plist */ = {isa = PBXFileReference; lastKnownFileType = text.xml; path = "Info-nosleep__Upgraded_.plist"; sourceTree = "<group>"; };
		FA9558700BEA41E7006F6AE9 /* Insomnia.kext */ = {isa = PBXFileReference; explicitFileType = wrapper.cfbundle; includeInIndex = 0; path = Insomnia.kext; sourceTree = BUILT_PRODUCTS_DIR; };
		FA95588A0BEA42A9006F6AE9 /* Insomnia.kext */ = {isa = PBXFileReference; explicitFileType = wrapper.cfbundle; includeInIndex = 0; path = Insomnia.kext; sourceTree = BUILT_PRODUCTS_DIR; };
		FA95588B0BEA42A9006F6AE9 /* Info-nosleep__Upgraded_copy.plist */ = {isa = PBXFileReference; lastKnownFileType = text.xml; path = "Info-nosleep__Upgraded_copy.plist"; sourceTree = "<group>"; };
/* End PBXFileReference section */

/* Begin PBXFrameworksBuildPhase section */
		089C1677FE841209C02AAC07 /* Frameworks */ = {
			isa = PBXFrameworksBuildPhase;
			buildActionMask = 2147483647;
			files = (
			);
			runOnlyForDeploymentPostprocessing = 0;
		};
		FA9558680BEA41E7006F6AE9 /* Frameworks */ = {
			isa = PBXFrameworksBuildPhase;
			buildActionMask = 2147483647;
			files = (
			);
			runOnlyForDeploymentPostprocessing = 0;
		};
		FA9558830BEA42A9006F6AE9 /* Frameworks */ = {
			isa = PBXFrameworksBuildPhase;
			buildActionMask = 2147483647;
			files = (
			);
			runOnlyForDeploymentPostprocessing = 0;
		};
/* End PBXFrameworksBuildPhase section */

/* Begin PBXGroup section */
		089C166AFE841209C02AAC07 /* Insomnia */ = {
			isa = PBXGroup;
			children = (
				247142CAFF3F8F9811CA285C /* Source */,
				089C167CFE841241C02AAC07 /* Resources */,
				19C28FB6FE9D52B211CA2CBB /* Products */,
				FA95586F0BEA41E7006F6AE9 /* Info-nosleep__Upgraded_.plist */,
				FA95588B0BEA42A9006F6AE9 /* Info-nosleep__Upgraded_copy.plist */,
			);
			name = Insomnia;
			sourceTree = "<group>";
		};
		089C167CFE841241C02AAC07 /* Resources */ = {
			isa = PBXGroup;
			children = (
				089C167DFE841241C02AAC07 /* InfoPlist.strings */,
			);
			name = Resources;
			sourceTree = "<group>";
		};
		19C28FB6FE9D52B211CA2CBB /* Products */ = {
			isa = PBXGroup;
			children = (
				0B81C263FFB7832611CA28AA /* Insomnia.kext */,
				FA9558700BEA41E7006F6AE9 /* Insomnia.kext */,
				FA95588A0BEA42A9006F6AE9 /* Insomnia.kext */,
			);
			name = Products;
			sourceTree = "<group>";
		};
		247142CAFF3F8F9811CA285C /* Source */ = {
			isa = PBXGroup;
			children = (
				1A224C3EFF42367911CA2CB7 /* Insomnia.h */,
				1A224C3FFF42367911CA2CB7 /* Insomnia.cpp */,
			);
			name = Source;
			sourceTree = "<group>";
		};
/* End PBXGroup section */

/* Begin PBXHeadersBuildPhase section */
		089C1674FE841209C02AAC07 /* Headers */ = {
			isa = PBXHeadersBuildPhase;
			buildActionMask = 2147483647;
			files = (
				1A224C40FF42367911CA2CB7 /* Insomnia.h in Headers */,
			);
			runOnlyForDeploymentPostprocessing = 0;
		};
		FA9558620BEA41E7006F6AE9 /* Headers */ = {
			isa = PBXHeadersBuildPhase;
			buildActionMask = 2147483647;
			files = (
				FA9558630BEA41E7006F6AE9 /* Insomnia.h in Headers */,
			);
			runOnlyForDeploymentPostprocessing = 0;
		};
		FA95587D0BEA42A9006F6AE9 /* Headers */ = {
			isa = PBXHeadersBuildPhase;
			buildActionMask = 2147483647;
			files = (
				FA95587E0BEA42A9006F6AE9 /* Insomnia.h in Headers */,
			);
			runOnlyForDeploymentPostprocessing = 0;
		};
/* End PBXHeadersBuildPhase section */

/* Begin PBXNativeTarget section */
		FA9558600BEA41E7006F6AE9 /* nosleep (Upgraded) */ = {
			isa = PBXNativeTarget;
			buildConfigurationList = FA95586B0BEA41E7006F6AE9 /* Build configuration list for PBXNativeTarget "nosleep (Upgraded)" */;
			buildPhases = (
				FA9558610BEA41E7006F6AE9 /* ShellScript */,
				FA9558620BEA41E7006F6AE9 /* Headers */,
				FA9558640BEA41E7006F6AE9 /* Resources */,
				FA9558660BEA41E7006F6AE9 /* Sources */,
				FA9558680BEA41E7006F6AE9 /* Frameworks */,
				FA9558690BEA41E7006F6AE9 /* Rez */,
				FA95586A0BEA41E7006F6AE9 /* ShellScript */,
			);
			buildRules = (
			);
			dependencies = (
			);
			name = "nosleep (Upgraded)";
			productInstallPath = "$(SYSTEM_LIBRARY_DIR)/Extensions";
			productName = nosleep;
			productReference = FA9558700BEA41E7006F6AE9 /* Insomnia.kext */;
			productType = "com.apple.product-type.kernel-extension.iokit";
		};
		FA95587B0BEA42A9006F6AE9 /* nosleep FINAL */ = {
			isa = PBXNativeTarget;
			buildConfigurationList = FA9558860BEA42A9006F6AE9 /* Build configuration list for PBXNativeTarget "nosleep FINAL" */;
			buildPhases = (
				FA95587C0BEA42A9006F6AE9 /* ShellScript */,
				FA95587D0BEA42A9006F6AE9 /* Headers */,
				FA95587F0BEA42A9006F6AE9 /* Resources */,
				FA9558810BEA42A9006F6AE9 /* Sources */,
				FA9558830BEA42A9006F6AE9 /* Frameworks */,
				FA9558840BEA42A9006F6AE9 /* Rez */,
				FA9558850BEA42A9006F6AE9 /* ShellScript */,
			);
			buildRules = (
				FA7658A80BECEE1700F87000 /* PBXBuildRule */,
			);
			dependencies = (
			);
			name = "nosleep FINAL";
			productInstallPath = "$(SYSTEM_LIBRARY_DIR)/Extensions";
			productName = nosleep;
			productReference = FA95588A0BEA42A9006F6AE9 /* Insomnia.kext */;
			productType = "com.apple.product-type.kernel-extension.iokit";
		};
/* End PBXNativeTarget section */

/* Begin PBXProject section */
		089C1669FE841209C02AAC07 /* Project object */ = {
			isa = PBXProject;
			buildConfigurationList = 38866AD00BE7097500F7DAB6 /* Build configuration list for PBXProject "Insomnia" */;
			hasScannedForEncodings = 1;
			mainGroup = 089C166AFE841209C02AAC07 /* Insomnia */;
			projectDirPath = "";
			targets = (
				FA9558600BEA41E7006F6AE9 /* nosleep (Upgraded) */,
				089C1673FE841209C02AAC07 /* nosleep */,
				FA95587B0BEA42A9006F6AE9 /* nosleep FINAL */,
			);
		};
/* End PBXProject section */

/* Begin PBXResourcesBuildPhase section */
		089C1675FE841209C02AAC07 /* Resources */ = {
			isa = PBXResourcesBuildPhase;
			buildActionMask = 2147483647;
			files = (
				089C1680FE841241C02AAC07 /* InfoPlist.strings in Resources */,
			);
			runOnlyForDeploymentPostprocessing = 0;
		};
		FA9558640BEA41E7006F6AE9 /* Resources */ = {
			isa = PBXResourcesBuildPhase;
			buildActionMask = 2147483647;
			files = (
				FA9558650BEA41E7006F6AE9 /* InfoPlist.strings in Resources */,
			);
			runOnlyForDeploymentPostprocessing = 0;
		};
		FA95587F0BEA42A9006F6AE9 /* Resources */ = {
			isa = PBXResourcesBuildPhase;
			buildActionMask = 2147483647;
			files = (
				FA9558800BEA42A9006F6AE9 /* InfoPlist.strings in Resources */,
			);
			runOnlyForDeploymentPostprocessing = 0;
		};
/* End PBXResourcesBuildPhase section */

/* Begin PBXRezBuildPhase section */
		089C1679FE841209C02AAC07 /* Rez */ = {
			isa = PBXRezBuildPhase;
			buildActionMask = 2147483647;
			files = (
			);
			runOnlyForDeploymentPostprocessing = 0;
		};
		FA9558690BEA41E7006F6AE9 /* Rez */ = {
			isa = PBXRezBuildPhase;
			buildActionMask = 2147483647;
			files = (
			);
			runOnlyForDeploymentPostprocessing = 0;
		};
		FA9558840BEA42A9006F6AE9 /* Rez */ = {
			isa = PBXRezBuildPhase;
			buildActionMask = 2147483647;
			files = (
			);
			runOnlyForDeploymentPostprocessing = 0;
		};
/* End PBXRezBuildPhase section */

/* Begin PBXShellScriptBuildPhase section */
		06AA1264FFB2107B11CA28AA /* ShellScript */ = {
			isa = PBXShellScriptBuildPhase;
			buildActionMask = 2147483647;
			files = (
			);
			runOnlyForDeploymentPostprocessing = 0;
			shellPath = /bin/sh;
			shellScript = "script=\"${SYSTEM_DEVELOPER_DIR}/ProjectBuilder Extras/Kernel Extension Support/KEXTPostprocess\";\nif [ -x \"$script\" ]; then\n    . \"$script\"\nfi";
		};
		06AA1267FFB2110C11CA28AA /* ShellScript */ = {
			isa = PBXShellScriptBuildPhase;
			buildActionMask = 2147483647;
			files = (
			);
			runOnlyForDeploymentPostprocessing = 0;
			shellPath = /bin/sh;
			shellScript = "script=\"${SYSTEM_DEVELOPER_DIR}/ProjectBuilder Extras/Kernel Extension Support/KEXTPreprocess\";\nif [ -x \"$script\" ]; then\n    . \"$script\"\nfi";
		};
		FA9558610BEA41E7006F6AE9 /* ShellScript */ = {
			isa = PBXShellScriptBuildPhase;
			buildActionMask = 2147483647;
			files = (
			);
			runOnlyForDeploymentPostprocessing = 0;
			shellPath = /bin/sh;
			shellScript = "script=\"${SYSTEM_DEVELOPER_DIR}/ProjectBuilder Extras/Kernel Extension Support/KEXTPreprocess\";\nif [ -x \"$script\" ]; then\n    . \"$script\"\nfi";
		};
		FA95586A0BEA41E7006F6AE9 /* ShellScript */ = {
			isa = PBXShellScriptBuildPhase;
			buildActionMask = 2147483647;
			files = (
			);
			runOnlyForDeploymentPostprocessing = 0;
			shellPath = /bin/sh;
			shellScript = "script=\"${SYSTEM_DEVELOPER_DIR}/ProjectBuilder Extras/Kernel Extension Support/KEXTPostprocess\";\nif [ -x \"$script\" ]; then\n    . \"$script\"\nfi";
		};
		FA95587C0BEA42A9006F6AE9 /* ShellScript */ = {
			isa = PBXShellScriptBuildPhase;
			buildActionMask = 2147483647;
			files = (
			);
			runOnlyForDeploymentPostprocessing = 0;
			shellPath = /bin/sh;
			shellScript = "script=\"${SYSTEM_DEVELOPER_DIR}/ProjectBuilder Extras/Kernel Extension Support/KEXTPreprocess\";\nif [ -x \"$script\" ]; then\n    . \"$script\"\nfi";
		};
		FA9558850BEA42A9006F6AE9 /* ShellScript */ = {
			isa = PBXShellScriptBuildPhase;
			buildActionMask = 2147483647;
			files = (
			);
			runOnlyForDeploymentPostprocessing = 0;
			shellPath = /bin/sh;
			shellScript = "script=\"${SYSTEM_DEVELOPER_DIR}/ProjectBuilder Extras/Kernel Extension Support/KEXTPostprocess\";\nif [ -x \"$script\" ]; then\n    . \"$script\"\nfi";
		};
/* End PBXShellScriptBuildPhase section */

/* Begin PBXSourcesBuildPhase section */
		089C1676FE841209C02AAC07 /* Sources */ = {
			isa = PBXSourcesBuildPhase;
			buildActionMask = 2147483647;
			files = (
				1A224C41FF42367911CA2CB7 /* Insomnia.cpp in Sources */,
			);
			runOnlyForDeploymentPostprocessing = 0;
		};
		FA9558660BEA41E7006F6AE9 /* Sources */ = {
			isa = PBXSourcesBuildPhase;
			buildActionMask = 2147483647;
			files = (
				FA9558670BEA41E7006F6AE9 /* Insomnia.cpp in Sources */,
			);
			runOnlyForDeploymentPostprocessing = 0;
		};
		FA9558810BEA42A9006F6AE9 /* Sources */ = {
			isa = PBXSourcesBuildPhase;
			buildActionMask = 2147483647;
			files = (
				FA9558820BEA42A9006F6AE9 /* Insomnia.cpp in Sources */,
			);
			runOnlyForDeploymentPostprocessing = 0;
		};
/* End PBXSourcesBuildPhase section */

/* Begin PBXVariantGroup section */
		089C167DFE841241C02AAC07 /* InfoPlist.strings */ = {
			isa = PBXVariantGroup;
			children = (
				089C167EFE841241C02AAC07 /* English */,
			);
			name = InfoPlist.strings;
			sourceTree = "<group>";
		};
/* End PBXVariantGroup section */

/* Begin XCBuildConfiguration section */
		38866ACD0BE7097500F7DAB6 /* Development */ = {
			isa = XCBuildConfiguration;
			buildSettings = {
				COPY_PHASE_STRIP = NO;
				FRAMEWORK_SEARCH_PATHS = "";
				GCC_DYNAMIC_NO_PIC = NO;
				GCC_ENABLE_FIX_AND_CONTINUE = YES;
				GCC_GENERATE_DEBUGGING_SYMBOLS = YES;
				GCC_OPTIMIZATION_LEVEL = 0;
				HEADER_SEARCH_PATHS = "";
				INSTALL_PATH = "$(SYSTEM_LIBRARY_DIR)/Extensions";
				KERNEL_MODULE = YES;
				LIBRARY_SEARCH_PATHS = "";
				MODULE_IOKIT = YES;
				MODULE_NAME = org.binaervarianz.driver.insomnia;
				MODULE_VERSION = 1.0.0d1;
				OPTIMIZATION_CFLAGS = "-O0";
				OTHER_CFLAGS = "";
				OTHER_LDFLAGS = "";
				OTHER_REZFLAGS = "";
				PRODUCT_NAME = Insomnia;
				SECTORDER_FLAGS = "";
				WARNING_CFLAGS = (
					"-Wmost",
					"-Wno-four-char-constants",
					"-Wno-unknown-pragmas",
				);
				WRAPPER_EXTENSION = kext;
				ZERO_LINK = YES;
			};
			name = Development;
		};
		38866ACE0BE7097500F7DAB6 /* Deployment */ = {
			isa = XCBuildConfiguration;
			buildSettings = {
				COPY_PHASE_STRIP = YES;
				FRAMEWORK_SEARCH_PATHS = "";
				GCC_ENABLE_FIX_AND_CONTINUE = NO;
				HEADER_SEARCH_PATHS = "";
				INSTALL_PATH = "$(SYSTEM_LIBRARY_DIR)/Extensions";
				KERNEL_MODULE = YES;
				LIBRARY_SEARCH_PATHS = "";
				MODULE_IOKIT = YES;
				MODULE_NAME = org.binaervarianz.driver.insomnia;
				MODULE_VERSION = 1.0.0d1;
				OTHER_CFLAGS = "";
				OTHER_LDFLAGS = "";
				OTHER_REZFLAGS = "";
				PRODUCT_NAME = Insomnia;
				SECTORDER_FLAGS = "";
				WARNING_CFLAGS = (
					"-Wmost",
					"-Wno-four-char-constants",
					"-Wno-unknown-pragmas",
				);
				WRAPPER_EXTENSION = kext;
				ZERO_LINK = NO;
			};
			name = Deployment;
		};
		38866ACF0BE7097500F7DAB6 /* Default */ = {
			isa = XCBuildConfiguration;
			buildSettings = {
				FRAMEWORK_SEARCH_PATHS = "";
				HEADER_SEARCH_PATHS = "";
				INSTALL_PATH = "$(SYSTEM_LIBRARY_DIR)/Extensions";
				KERNEL_MODULE = YES;
				LIBRARY_SEARCH_PATHS = "";
				MODULE_IOKIT = YES;
				MODULE_NAME = org.binaervarianz.driver.insomnia;
				MODULE_VERSION = 1.0.0d1;
				OTHER_CFLAGS = "";
				OTHER_LDFLAGS = "";
				OTHER_REZFLAGS = "";
				PRODUCT_NAME = Insomnia;
				SECTORDER_FLAGS = "";
				WARNING_CFLAGS = (
					"-Wmost",
					"-Wno-four-char-constants",
					"-Wno-unknown-pragmas",
				);
				WRAPPER_EXTENSION = kext;
			};
			name = Default;
		};
		38866AD10BE7097500F7DAB6 /* Development */ = {
			isa = XCBuildConfiguration;
			buildSettings = {
			};
			name = Development;
		};
		38866AD20BE7097500F7DAB6 /* Deployment */ = {
			isa = XCBuildConfiguration;
			buildSettings = {
			};
			name = Deployment;
		};
		38866AD30BE7097500F7DAB6 /* Default */ = {
			isa = XCBuildConfiguration;
			buildSettings = {
			};
			name = Default;
		};
		FA95586C0BEA41E7006F6AE9 /* Development */ = {
			isa = XCBuildConfiguration;
			buildSettings = {
				COPY_PHASE_STRIP = NO;
				FRAMEWORK_SEARCH_PATHS = "";
				GCC_DYNAMIC_NO_PIC = NO;
				GCC_ENABLE_FIX_AND_CONTINUE = YES;
				GCC_GENERATE_DEBUGGING_SYMBOLS = YES;
				GCC_OPTIMIZATION_LEVEL = 0;
				GCC_SYMBOLS_PRIVATE_EXTERN = NO;
				HEADER_SEARCH_PATHS = "";
				INFOPLIST_FILE = "Info-nosleep__Upgraded_.plist";
				INSTALL_PATH = "$(SYSTEM_LIBRARY_DIR)/Extensions";
				KERNEL_MODULE = YES;
				LIBRARY_SEARCH_PATHS = "";
				MODULE_IOKIT = YES;
				MODULE_NAME = org.binaervarianz.driver.insomnia;
				MODULE_VERSION = 1.0.0d1;
				OTHER_CFLAGS = "";
				OTHER_LDFLAGS = "";
				OTHER_REZFLAGS = "";
				PRODUCT_NAME = Insomnia;
				SECTORDER_FLAGS = "";
				WARNING_CFLAGS = (
					"-Wmost",
					"-Wno-four-char-constants",
					"-Wno-unknown-pragmas",
				);
				WRAPPER_EXTENSION = kext;
				ZERO_LINK = YES;
			};
			name = Development;
		};
		FA95586D0BEA41E7006F6AE9 /* Deployment */ = {
			isa = XCBuildConfiguration;
			buildSettings = {
				ARCHS = (
					ppc,
					i386,
				);
				COPY_PHASE_STRIP = YES;
				FRAMEWORK_SEARCH_PATHS = "";
				GCC_ENABLE_FIX_AND_CONTINUE = NO;
				GCC_SYMBOLS_PRIVATE_EXTERN = NO;
				HEADER_SEARCH_PATHS = "";
				INFOPLIST_FILE = "Info-nosleep__Upgraded_.plist";
				INSTALL_PATH = "$(SYSTEM_LIBRARY_DIR)/Extensions";
				KERNEL_MODULE = YES;
				LIBRARY_SEARCH_PATHS = "";
				MODULE_IOKIT = YES;
				MODULE_NAME = org.binaervarianz.driver.insomnia;
				MODULE_VERSION = 1.0.0d1;
				OTHER_CFLAGS = "";
				OTHER_LDFLAGS = "";
				OTHER_REZFLAGS = "";
				PRODUCT_NAME = Insomnia;
				SECTORDER_FLAGS = "";
				WARNING_CFLAGS = (
					"-Wmost",
					"-Wno-four-char-constants",
					"-Wno-unknown-pragmas",
				);
				WRAPPER_EXTENSION = kext;
				ZERO_LINK = NO;
			};
			name = Deployment;
		};
		FA95586E0BEA41E7006F6AE9 /* Default */ = {
			isa = XCBuildConfiguration;
			buildSettings = {
				FRAMEWORK_SEARCH_PATHS = "";
				GCC_SYMBOLS_PRIVATE_EXTERN = NO;
				HEADER_SEARCH_PATHS = "";
				INFOPLIST_FILE = "Info-nosleep__Upgraded_.plist";
				INSTALL_PATH = "$(SYSTEM_LIBRARY_DIR)/Extensions";
				KERNEL_MODULE = YES;
				LIBRARY_SEARCH_PATHS = "";
				MODULE_IOKIT = YES;
				MODULE_NAME = org.binaervarianz.driver.insomnia;
				MODULE_VERSION = 1.0.0d1;
				OTHER_CFLAGS = "";
				OTHER_LDFLAGS = "";
				OTHER_REZFLAGS = "";
				PRODUCT_NAME = Insomnia;
				SECTORDER_FLAGS = "";
				WARNING_CFLAGS = (
					"-Wmost",
					"-Wno-four-char-constants",
					"-Wno-unknown-pragmas",
				);
				WRAPPER_EXTENSION = kext;
			};
			name = Default;
		};
		FA9558870BEA42A9006F6AE9 /* Development */ = {
			isa = XCBuildConfiguration;
			buildSettings = {
				COPY_PHASE_STRIP = NO;
				FRAMEWORK_SEARCH_PATHS = "";
				GCC_DYNAMIC_NO_PIC = NO;
				GCC_ENABLE_FIX_AND_CONTINUE = YES;
				GCC_GENERATE_DEBUGGING_SYMBOLS = YES;
				GCC_OPTIMIZATION_LEVEL = 0;
				GCC_SYMBOLS_PRIVATE_EXTERN = NO;
				HEADER_SEARCH_PATHS = "";
				INFOPLIST_FILE = "/Users/alex/Desktop/Insomnia/Info-nosleep__Upgraded_ copy.plist";
				INSTALL_PATH = "$(SYSTEM_LIBRARY_DIR)/Extensions";
				KERNEL_MODULE = YES;
				LIBRARY_SEARCH_PATHS = "";
				MODULE_IOKIT = YES;
				MODULE_NAME = org.binaervarianz.driver.insomnia;
				MODULE_VERSION = 1.0.0d1;
				OTHER_CFLAGS = "";
				OTHER_LDFLAGS = "";
				OTHER_REZFLAGS = "";
				PRODUCT_NAME = Insomnia;
				SECTORDER_FLAGS = "";
				WARNING_CFLAGS = (
					"-Wmost",
					"-Wno-four-char-constants",
					"-Wno-unknown-pragmas",
				);
				WRAPPER_EXTENSION = kext;
				ZERO_LINK = YES;
			};
			name = Development;
		};
		FA9558880BEA42A9006F6AE9 /* Deployment */ = {
			isa = XCBuildConfiguration;
			buildSettings = {
				ARCHS = (
					ppc,
					i386,
				);
				COPY_PHASE_STRIP = YES;
				FRAMEWORK_SEARCH_PATHS = "";
				GCC_ENABLE_FIX_AND_CONTINUE = NO;
				GCC_GENERATE_DEBUGGING_SYMBOLS = NO;
				GCC_SYMBOLS_PRIVATE_EXTERN = NO;
				GCC_THREADSAFE_STATICS = NO;
				HEADER_SEARCH_PATHS = "";
				INFOPLIST_FILE = "Info-nosleep__Upgraded_copy.plist";
				INSTALL_PATH = "$(SYSTEM_LIBRARY_DIR)/Extensions";
				KERNEL_MODULE = YES;
				LIBRARY_SEARCH_PATHS = "";
				MACOSX_DEPLOYMENT_TARGET = 10.4;
				MODULE_IOKIT = YES;
				MODULE_NAME = org.binaervarianz.driver.insomnia;
				MODULE_VERSION = 1.1.0;
				OTHER_CFLAGS = "";
				OTHER_LDFLAGS = "";
				OTHER_REZFLAGS = "";
				PRODUCT_NAME = Insomnia;
				SECTORDER_FLAGS = "";
				WARNING_CFLAGS = (
					"-Wmost",
					"-Wno-four-char-constants",
					"-Wno-unknown-pragmas",
				);
				WRAPPER_EXTENSION = kext;
				ZERO_LINK = NO;
			};
			name = Deployment;
		};
		FA9558890BEA42A9006F6AE9 /* Default */ = {
			isa = XCBuildConfiguration;
			buildSettings = {
				FRAMEWORK_SEARCH_PATHS = "";
				GCC_SYMBOLS_PRIVATE_EXTERN = NO;
				HEADER_SEARCH_PATHS = "";
				INFOPLIST_FILE = "/Users/alex/Desktop/Insomnia/Info-nosleep__Upgraded_ copy.plist";
				INSTALL_PATH = "$(SYSTEM_LIBRARY_DIR)/Extensions";
				KERNEL_MODULE = YES;
				LIBRARY_SEARCH_PATHS = "";
				MODULE_IOKIT = YES;
				MODULE_NAME = org.binaervarianz.driver.insomnia;
				MODULE_VERSION = 1.0.0d1;
				OTHER_CFLAGS = "";
				OTHER_LDFLAGS = "";
				OTHER_REZFLAGS = "";
				PRODUCT_NAME = Insomnia;
				SECTORDER_FLAGS = "";
				WARNING_CFLAGS = (
					"-Wmost",
					"-Wno-four-char-constants",
					"-Wno-unknown-pragmas",
				);
				WRAPPER_EXTENSION = kext;
			};
			name = Default;
		};
/* End XCBuildConfiguration section */

/* Begin XCConfigurationList section */
		38866ACC0BE7097500F7DAB6 /* Build configuration list for PBXBundleTarget "nosleep" */ = {
			isa = XCConfigurationList;
			buildConfigurations = (
				38866ACD0BE7097500F7DAB6 /* Development */,
				38866ACE0BE7097500F7DAB6 /* Deployment */,
				38866ACF0BE7097500F7DAB6 /* Default */,
			);
			defaultConfigurationIsVisible = 0;
			defaultConfigurationName = Default;
		};
		38866AD00BE7097500F7DAB6 /* Build configuration list for PBXProject "Insomnia" */ = {
			isa = XCConfigurationList;
			buildConfigurations = (
				38866AD10BE7097500F7DAB6 /* Development */,
				38866AD20BE7097500F7DAB6 /* Deployment */,
				38866AD30BE7097500F7DAB6 /* Default */,
			);
			defaultConfigurationIsVisible = 0;
			defaultConfigurationName = Default;
		};
		FA95586B0BEA41E7006F6AE9 /* Build configuration list for PBXNativeTarget "nosleep (Upgraded)" */ = {
			isa = XCConfigurationList;
			buildConfigurations = (
				FA95586C0BEA41E7006F6AE9 /* Development */,
				FA95586D0BEA41E7006F6AE9 /* Deployment */,
				FA95586E0BEA41E7006F6AE9 /* Default */,
			);
			defaultConfigurationIsVisible = 0;
			defaultConfigurationName = Default;
		};
		FA9558860BEA42A9006F6AE9 /* Build configuration list for PBXNativeTarget "nosleep FINAL" */ = {
			isa = XCConfigurationList;
			buildConfigurations = (
				FA9558870BEA42A9006F6AE9 /* Development */,
				FA9558880BEA42A9006F6AE9 /* Deployment */,
				FA9558890BEA42A9006F6AE9 /* Default */,
			);
			defaultConfigurationIsVisible = 0;
			defaultConfigurationName = Default;
		};
/* End XCConfigurationList section */
	};
	rootObject = 089C1669FE841209C02AAC07 /* Project object */;
}
